
Microsoft Visual Studio Solution File, Format Version 12.00
# Visual Studio 14
VisualStudioVersion = 14.0.25123.0
MinimumVisualStudioVersion = 10.0.40219.1
Project("{FAE04EC0-301F-11D3-BF4B-00C04F79EFBC}") = "Server", "Server\Server.csproj", "{1D8CB6A4-F446-41FF-AD25-BDB1CFF06C65}"
EndProject
Project("{FAE04EC0-301F-11D3-BF4B-00C04F79EFBC}") = "OverDDoserClient", "OverDDoserClient\OverDDoserClient.csproj", "{26FE77D8-E1EC-4157-8DAC-E4B597B241E5}"
EndProject
Global
	GlobalSection(SolutionConfigurationPlatforms) = preSolution
		Debug|Any CPU = Debug|Any CPU
		Release|Any CPU = Release|Any CPU
	EndGlobalSection
	GlobalSection(ProjectConfigurationPlatforms) = postSolution
		{1D8CB6A4-F446-41FF-AD25-BDB1CFF06C65}.Debug|Any CPU.ActiveCfg = Debug|Any CPU
		{1D8CB6A4-F446-41FF-AD25-BDB1CFF06C65}.Debug|Any CPU.Build.0 = Debug|Any CPU
		{1D8CB6A4-F446-41FF-AD25-BDB1CFF06C65}.Release|Any CPU.ActiveCfg = Release|Any CPU
		{1D8CB6A4-F446-41FF-AD25-BDB1CFF06C65}.Release|Any CPU.Build.0 = Release|Any CPU
		{26FE77D8-E1EC-4157-8DAC-E4B597B241E5}.Debug|Any CPU.ActiveCfg = Debug|Any CPU
		{26FE77D8-E1EC-4157-8DAC-E4B597B241E5}.Debug|Any CPU.Build.0 = Debug|Any CPU
		{26FE77D8-E1EC-4157-8DAC-E4B597B241E5}.Release|Any CPU.ActiveCfg = Release|Any CPU
		{26FE77D8-E1EC-4157-8DAC-E4B597B241E5}.Release|Any CPU.Build.0 = Release|Any CPU
	EndGlobalSection
	GlobalSection(SolutionProperties) = preSolution
		HideSolutionNode = FALSE
	EndGlobalSection
EndGlobal
